
Microsoft Visual Studio Solution File, Format Version 12.00
# Visual Studio Version 16
VisualStudioVersion = 16.0.30717.126
MinimumVisualStudioVersion = 10.0.40219.1
Project("{FAE04EC0-301F-11D3-BF4B-00C04F79EFBC}") = "Test_Sender_BMS", "Test_Sender_BMS\Test_Sender_BMS.csproj", "{1EFB4B0F-1E86-4FD2-9C64-E686671052B7}"
EndProject
Project("{FAE04EC0-301F-11D3-BF4B-00C04F79EFBC}") = "Sender_BMS", "Sender_BMS\Sender_BMS.csproj", "{525C50A5-A35F-4AEE-B762-C64E33502363}"
EndProject
Global
	GlobalSection(SolutionConfigurationPlatforms) = preSolution
		Debug|Any CPU = Debug|Any CPU
		Release|Any CPU = Release|Any CPU
	EndGlobalSection
	GlobalSection(ProjectConfigurationPlatforms) = postSolution
		{1EFB4B0F-1E86-4FD2-9C64-E686671052B7}.Debug|Any CPU.ActiveCfg = Debug|Any CPU
		{1EFB4B0F-1E86-4FD2-9C64-E686671052B7}.Debug|Any CPU.Build.0 = Debug|Any CPU
		{1EFB4B0F-1E86-4FD2-9C64-E686671052B7}.Release|Any CPU.ActiveCfg = Release|Any CPU
		{1EFB4B0F-1E86-4FD2-9C64-E686671052B7}.Release|Any CPU.Build.0 = Release|Any CPU
		{525C50A5-A35F-4AEE-B762-C64E33502363}.Debug|Any CPU.ActiveCfg = Debug|Any CPU
		{525C50A5-A35F-4AEE-B762-C64E33502363}.Debug|Any CPU.Build.0 = Debug|Any CPU
		{525C50A5-A35F-4AEE-B762-C64E33502363}.Release|Any CPU.ActiveCfg = Release|Any CPU
		{525C50A5-A35F-4AEE-B762-C64E33502363}.Release|Any CPU.Build.0 = Release|Any CPU
	EndGlobalSection
	GlobalSection(SolutionProperties) = preSolution
		HideSolutionNode = FALSE
	EndGlobalSection
	GlobalSection(ExtensibilityGlobals) = postSolution
		SolutionGuid = {8EB1B0D2-CBE2-4284-A8F4-9D28A6876E5E}
	EndGlobalSection
EndGlobal
